
Microsoft Visual Studio Solution File, Format Version 12.00
# Visual Studio Version 17
VisualStudioVersion = 17.9.34902.65
MinimumVisualStudioVersion = 10.0.40219.1
Project("{FAE04EC0-301F-11D3-BF4B-00C04F79EFBC}") = "ExercismApplications", "ExercismApplications\ExercismApplications.csproj", "{0CCFFFD8-48D1-4A72-9F5C-AEEE0E32EAE5}"
EndProject
Global
	GlobalSection(SolutionConfigurationPlatforms) = preSolution
		Debug|Any CPU = Debug|Any CPU
		Release|Any CPU = Release|Any CPU
	EndGlobalSection
	GlobalSection(ProjectConfigurationPlatforms) = postSolution
		{0CCFFFD8-48D1-4A72-9F5C-AEEE0E32EAE5}.Debug|Any CPU.ActiveCfg = Debug|Any CPU
		{0CCFFFD8-48D1-4A72-9F5C-AEEE0E32EAE5}.Debug|Any CPU.Build.0 = Debug|Any CPU
		{0CCFFFD8-48D1-4A72-9F5C-AEEE0E32EAE5}.Release|Any CPU.ActiveCfg = Release|Any CPU
		{0CCFFFD8-48D1-4A72-9F5C-AEEE0E32EAE5}.Release|Any CPU.Build.0 = Release|Any CPU
	EndGlobalSection
	GlobalSection(SolutionProperties) = preSolution
		HideSolutionNode = FALSE
	EndGlobalSection
	GlobalSection(ExtensibilityGlobals) = postSolution
		SolutionGuid = {BB65A34C-7C51-4178-A885-965C77C2FEDD}
	EndGlobalSection
EndGlobal
